// !$*UTF8*$!
{
	archiveVersion = 1;
	classes = {
	};
	objectVersion = 46;
	objects = {

/* Begin PBXGroup section */
		FFDB212C1EA00AB700F4ED7E = {
			isa = PBXGroup;
			children = (
			);
			sourceTree = "<group>";
		};
/* End PBXGroup section */

/* Begin PBXProject section */
		FFDB212D1EA00AB700F4ED7E /* Project object */ = {
			isa = PBXProject;
			attributes = {
				LastUpgradeCheck = 0830;
			};
			buildConfigurationList = FFDB21301EA00AB700F4ED7E /* Build configuration list for PBXProject "Tonus" */;
			compatibilityVersion = "Xcode 3.2";
			developmentRegion = English;
			hasScannedForEncodings = 0;
			knownRegions = (
				en,
			);
			mainGroup = FFDB212C1EA00AB700F4ED7E;
			projectDirPath = "";
			projectRoot = "";
			targets = (
			);
		};
/* End PBXProject section */

/* Begin XCBuildConfiguration section */
		FFDB21311EA00AB700F4ED7E /* Debug */ = {
			isa = XCBuildConfiguration;
			buildSettings = {
			};
			name = Debug;
		};
		FFDB21321EA00AB700F4ED7E /* Release */ = {
			isa = XCBuildConfiguration;
			buildSettings = {
			};
			name = Release;
		};
/* End XCBuildConfiguration section */

/* Begin XCConfigurationList section */
		FFDB21301EA00AB700F4ED7E /* Build configuration list for PBXProject "Tonus" */ = {
			isa = XCConfigurationList;
			buildConfigurations = (
				FFDB21311EA00AB700F4ED7E /* Debug */,
				FFDB21321EA00AB700F4ED7E /* Release */,
			);
			defaultConfigurationIsVisible = 0;
			defaultConfigurationName = Release;
		};
/* End XCConfigurationList section */
	};
	rootObject = FFDB212D1EA00AB700F4ED7E /* Project object */;
}
